// !$*UTF8*$!
{
	archiveVersion = 1;
	classes = {
	};
	objectVersion = 56;
	objects = {

/* Begin PBXBuildFile section */
		BF821E4F293E39650045371B /* AppDelegate.swift in Sources */ = {isa = PBXBuildFile; fileRef = BF821E4E293E39650045371B /* AppDelegate.swift */; };
		BF821E51293E39650045371B /* SceneDelegate.swift in Sources */ = {isa = PBXBuildFile; fileRef = BF821E50293E39650045371B /* SceneDelegate.swift */; };
		BF821E53293E39650045371B /* ViewController.swift in Sources */ = {isa = PBXBuildFile; fileRef = BF821E52293E39650045371B /* ViewController.swift */; };
		BF821E56293E39650045371B /* Main.storyboard in Resources */ = {isa = PBXBuildFile; fileRef = BF821E54293E39650045371B /* Main.storyboard */; };
		BF821E58293E39670045371B /* Assets.xcassets in Resources */ = {isa = PBXBuildFile; fileRef = BF821E57293E39670045371B /* Assets.xcassets */; };
		BF821E5B293E39670045371B /* LaunchScreen.storyboard in Resources */ = {isa = PBXBuildFile; fileRef = BF821E59293E39670045371B /* LaunchScreen.storyboard */; };
		BF821E66293E39670045371B /* smart_socketTests.swift in Sources */ = {isa = PBXBuildFile; fileRef = BF821E65293E39670045371B /* smart_socketTests.swift */; };
		BF821E70293E39670045371B /* smart_socketUITests.swift in Sources */ = {isa = PBXBuildFile; fileRef = BF821E6F293E39670045371B /* smart_socketUITests.swift */; };
		BF821E72293E39670045371B /* smart_socketUITestsLaunchTests.swift in Sources */ = {isa = PBXBuildFile; fileRef = BF821E71293E39670045371B /* smart_socketUITestsLaunchTests.swift */; };
/* End PBXBuildFile section */

/* Begin PBXContainerItemProxy section */
		BF821E62293E39670045371B /* PBXContainerItemProxy */ = {
			isa = PBXContainerItemProxy;
			containerPortal = BF821E43293E39650045371B /* Project object */;
			proxyType = 1;
			remoteGlobalIDString = BF821E4A293E39650045371B;
			remoteInfo = "smart-socket";
		};
		BF821E6C293E39670045371B /* PBXContainerItemProxy */ = {
			isa = PBXContainerItemProxy;
			containerPortal = BF821E43293E39650045371B /* Project object */;
			proxyType = 1;
			remoteGlobalIDString = BF821E4A293E39650045371B;
			remoteInfo = "smart-socket";
		};
/* End PBXContainerItemProxy section */

/* Begin PBXFileReference section */
		BF821E4B293E39650045371B /* smart-socket.app */ = {isa = PBXFileReference; explicitFileType = wrapper.application; includeInIndex = 0; path = "smart-socket.app"; sourceTree = BUILT_PRODUCTS_DIR; };
		BF821E4E293E39650045371B /* AppDelegate.swift */ = {isa = PBXFileReference; lastKnownFileType = sourcecode.swift; path = AppDelegate.swift; sourceTree = "<group>"; };
		BF821E50293E39650045371B /* SceneDelegate.swift */ = {isa = PBXFileReference; lastKnownFileType = sourcecode.swift; path = SceneDelegate.swift; sourceTree = "<group>"; };
		BF821E52293E39650045371B /* ViewController.swift */ = {isa = PBXFileReference; lastKnownFileType = sourcecode.swift; path = ViewController.swift; sourceTree = "<group>"; };
		BF821E55293E39650045371B /* Base */ = {isa = PBXFileReference; lastKnownFileType = file.storyboard; name = Base; path = Base.lproj/Main.storyboard; sourceTree = "<group>"; };
		BF821E57293E39670045371B /* Assets.xcassets */ = {isa = PBXFileReference; lastKnownFileType = folder.assetcatalog; path = Assets.xcassets; sourceTree = "<group>"; };
		BF821E5A293E39670045371B /* Base */ = {isa = PBXFileReference; lastKnownFileType = file.storyboard; name = Base; path = Base.lproj/LaunchScreen.storyboard; sourceTree = "<group>"; };
		BF821E5C293E39670045371B /* Info.plist */ = {isa = PBXFileReference; lastKnownFileType = text.plist.xml; path = Info.plist; sourceTree = "<group>"; };
		BF821E61293E39670045371B /* smart-socketTests.xctest */ = {isa = PBXFileReference; explicitFileType = wrapper.cfbundle; includeInIndex = 0; path = "smart-socketTests.xctest"; sourceTree = BUILT_PRODUCTS_DIR; };
		BF821E65293E39670045371B /* smart_socketTests.swift */ = {isa = PBXFileReference; lastKnownFileType = sourcecode.swift; path = smart_socketTests.swift; sourceTree = "<group>"; };
		BF821E6B293E39670045371B /* smart-socketUITests.xctest */ = {isa = PBXFileReference; explicitFileType = wrapper.cfbundle; includeInIndex = 0; path = "smart-socketUITests.xctest"; sourceTree = BUILT_PRODUCTS_DIR; };
		BF821E6F293E39670045371B /* smart_socketUITests.swift */ = {isa = PBXFileReference; lastKnownFileType = sourcecode.swift; path = smart_socketUITests.swift; sourceTree = "<group>"; };
		BF821E71293E39670045371B /* smart_socketUITestsLaunchTests.swift */ = {isa = PBXFileReference; lastKnownFileType = sourcecode.swift; path = smart_socketUITestsLaunchTests.swift; sourceTree = "<group>"; };
/* End PBXFileReference section */

/* Begin PBXFrameworksBuildPhase section */
		BF821E48293E39650045371B /* Frameworks */ = {
			isa = PBXFrameworksBuildPhase;
			buildActionMask = 2147483647;
			files = (
			);
			runOnlyForDeploymentPostprocessing = 0;
		};
		BF821E5E293E39670045371B /* Frameworks */ = {
			isa = PBXFrameworksBuildPhase;
			buildActionMask = 2147483647;
			files = (
			);
			runOnlyForDeploymentPostprocessing = 0;
		};
		BF821E68293E39670045371B /* Frameworks */ = {
			isa = PBXFrameworksBuildPhase;
			buildActionMask = 2147483647;
			files = (
			);
			runOnlyForDeploymentPostprocessing = 0;
		};
/* End PBXFrameworksBuildPhase section */

/* Begin PBXGroup section */
		BF821E42293E39650045371B = {
			isa = PBXGroup;
			children = (
				BF821E4D293E39650045371B /* smart-socket */,
				BF821E64293E39670045371B /* smart-socketTests */,
				BF821E6E293E39670045371B /* smart-socketUITests */,
				BF821E4C293E39650045371B /* Products */,
			);
			sourceTree = "<group>";
		};
		BF821E4C293E39650045371B /* Products */ = {
			isa = PBXGroup;
			children = (
				BF821E4B293E39650045371B /* smart-socket.app */,
				BF821E61293E39670045371B /* smart-socketTests.xctest */,
				BF821E6B293E39670045371B /* smart-socketUITests.xctest */,
			);
			name = Products;
			sourceTree = "<group>";
		};
		BF821E4D293E39650045371B /* smart-socket */ = {
			isa = PBXGroup;
			children = (
				BF821E4E293E39650045371B /* AppDelegate.swift */,
				BF821E50293E39650045371B /* SceneDelegate.swift */,
				BF821E52293E39650045371B /* ViewController.swift */,
				BF821E54293E39650045371B /* Main.storyboard */,
				BF821E57293E39670045371B /* Assets.xcassets */,
				BF821E59293E39670045371B /* LaunchScreen.storyboard */,
				BF821E5C293E39670045371B /* Info.plist */,
			);
			path = "smart-socket";
			sourceTree = "<group>";
		};
		BF821E64293E39670045371B /* smart-socketTests */ = {
			isa = PBXGroup;
			children = (
				BF821E65293E39670045371B /* smart_socketTests.swift */,
			);
			path = "smart-socketTests";
			sourceTree = "<group>";
		};
		BF821E6E293E39670045371B /* smart-socketUITests */ = {
			isa = PBXGroup;
			children = (
				BF821E6F293E39670045371B /* smart_socketUITests.swift */,
				BF821E71293E39670045371B /* smart_socketUITestsLaunchTests.swift */,
			);
			path = "smart-socketUITests";
			sourceTree = "<group>";
		};
/* End PBXGroup section */

/* Begin PBXNativeTarget section */
		BF821E4A293E39650045371B /* smart-socket */ = {
			isa = PBXNativeTarget;
			buildConfigurationList = BF821E75293E39670045371B /* Build configuration list for PBXNativeTarget "smart-socket" */;
			buildPhases = (
				BF821E47293E39650045371B /* Sources */,
				BF821E48293E39650045371B /* Frameworks */,
				BF821E49293E39650045371B /* Resources */,
			);
			buildRules = (
			);
			dependencies = (
			);
			name = "smart-socket";
			productName = "smart-socket";
			productReference = BF821E4B293E39650045371B /* smart-socket.app */;
			productType = "com.apple.product-type.application";
		};
		BF821E60293E39670045371B /* smart-socketTests */ = {
			isa = PBXNativeTarget;
			buildConfigurationList = BF821E78293E39670045371B /* Build configuration list for PBXNativeTarget "smart-socketTests" */;
			buildPhases = (
				BF821E5D293E39670045371B /* Sources */,
				BF821E5E293E39670045371B /* Frameworks */,
				BF821E5F293E39670045371B /* Resources */,
			);
			buildRules = (
			);
			dependencies = (
				BF821E63293E39670045371B /* PBXTargetDependency */,
			);
			name = "smart-socketTests";
			productName = "smart-socketTests";
			productReference = BF821E61293E39670045371B /* smart-socketTests.xctest */;
			productType = "com.apple.product-type.bundle.unit-test";
		};
		BF821E6A293E39670045371B /* smart-socketUITests */ = {
			isa = PBXNativeTarget;
			buildConfigurationList = BF821E7B293E39670045371B /* Build configuration list for PBXNativeTarget "smart-socketUITests" */;
			buildPhases = (
				BF821E67293E39670045371B /* Sources */,
				BF821E68293E39670045371B /* Frameworks */,
				BF821E69293E39670045371B /* Resources */,
			);
			buildRules = (
			);
			dependencies = (
				BF821E6D293E39670045371B /* PBXTargetDependency */,
			);
			name = "smart-socketUITests";
			productName = "smart-socketUITests";
			productReference = BF821E6B293E39670045371B /* smart-socketUITests.xctest */;
			productType = "com.apple.product-type.bundle.ui-testing";
		};
/* End PBXNativeTarget section */

/* Begin PBXProject section */
		BF821E43293E39650045371B /* Project object */ = {
			isa = PBXProject;
			attributes = {
				BuildIndependentTargetsInParallel = 1;
				LastSwiftUpdateCheck = 1410;
				LastUpgradeCheck = 1410;
				TargetAttributes = {
					BF821E4A293E39650045371B = {
						CreatedOnToolsVersion = 14.1;
					};
					BF821E60293E39670045371B = {
						CreatedOnToolsVersion = 14.1;
						TestTargetID = BF821E4A293E39650045371B;
					};
					BF821E6A293E39670045371B = {
						CreatedOnToolsVersion = 14.1;
						TestTargetID = BF821E4A293E39650045371B;
					};
				};
			};
			buildConfigurationList = BF821E46293E39650045371B /* Build configuration list for PBXProject "smart-socket" */;
			compatibilityVersion = "Xcode 14.0";
			developmentRegion = en;
			hasScannedForEncodings = 0;
			knownRegions = (
				en,
				Base,
			);
			mainGroup = BF821E42293E39650045371B;
			productRefGroup = BF821E4C293E39650045371B /* Products */;
			projectDirPath = "";
			projectRoot = "";
			targets = (
				BF821E4A293E39650045371B /* smart-socket */,
				BF821E60293E39670045371B /* smart-socketTests */,
				BF821E6A293E39670045371B /* smart-socketUITests */,
			);
		};
/* End PBXProject section */

/* Begin PBXResourcesBuildPhase section */
		BF821E49293E39650045371B /* Resources */ = {
			isa = PBXResourcesBuildPhase;
			buildActionMask = 2147483647;
			files = (
				BF821E5B293E39670045371B /* LaunchScreen.storyboard in Resources */,
				BF821E58293E39670045371B /* Assets.xcassets in Resources */,
				BF821E56293E39650045371B /* Main.storyboard in Resources */,
			);
			runOnlyForDeploymentPostprocessing = 0;
		};
		BF821E5F293E39670045371B /* Resources */ = {
			isa = PBXResourcesBuildPhase;
			buildActionMask = 2147483647;
			files = (
			);
			runOnlyForDeploymentPostprocessing = 0;
		};
		BF821E69293E39670045371B /* Resources */ = {
			isa = PBXResourcesBuildPhase;
			buildActionMask = 2147483647;
			files = (
			);
			runOnlyForDeploymentPostprocessing = 0;
		};
/* End PBXResourcesBuildPhase section */

/* Begin PBXSourcesBuildPhase section */
		BF821E47293E39650045371B /* Sources */ = {
			isa = PBXSourcesBuildPhase;
			buildActionMask = 2147483647;
			files = (
				BF821E53293E39650045371B /* ViewController.swift in Sources */,
				BF821E4F293E39650045371B /* AppDelegate.swift in Sources */,
				BF821E51293E39650045371B /* SceneDelegate.swift in Sources */,
			);
			runOnlyForDeploymentPostprocessing = 0;
		};
		BF821E5D293E39670045371B /* Sources */ = {
			isa = PBXSourcesBuildPhase;
			buildActionMask = 2147483647;
			files = (
				BF821E66293E39670045371B /* smart_socketTests.swift in Sources */,
			);
			runOnlyForDeploymentPostprocessing = 0;
		};
		BF821E67293E39670045371B /* Sources */ = {
			isa = PBXSourcesBuildPhase;
			buildActionMask = 2147483647;
			files = (
				BF821E70293E39670045371B /* smart_socketUITests.swift in Sources */,
				BF821E72293E39670045371B /* smart_socketUITestsLaunchTests.swift in Sources */,
			);
			runOnlyForDeploymentPostprocessing = 0;
		};
/* End PBXSourcesBuildPhase section */

/* Begin PBXTargetDependency section */
		BF821E63293E39670045371B /* PBXTargetDependency */ = {
			isa = PBXTargetDependency;
			target = BF821E4A293E39650045371B /* smart-socket */;
			targetProxy = BF821E62293E39670045371B /* PBXContainerItemProxy */;
		};
		BF821E6D293E39670045371B /* PBXTargetDependency */ = {
			isa = PBXTargetDependency;
			target = BF821E4A293E39650045371B /* smart-socket */;
			targetProxy = BF821E6C293E39670045371B /* PBXContainerItemProxy */;
		};
/* End PBXTargetDependency section */

/* Begin PBXVariantGroup section */
		BF821E54293E39650045371B /* Main.storyboard */ = {
			isa = PBXVariantGroup;
			children = (
				BF821E55293E39650045371B /* Base */,
			);
			name = Main.storyboard;
			sourceTree = "<group>";
		};
		BF821E59293E39670045371B /* LaunchScreen.storyboard */ = {
			isa = PBXVariantGroup;
			children = (
				BF821E5A293E39670045371B /* Base */,
			);
			name = LaunchScreen.storyboard;
			sourceTree = "<group>";
		};
/* End PBXVariantGroup section */

/* Begin XCBuildConfiguration section */
		BF821E73293E39670045371B /* Debug */ = {
			isa = XCBuildConfiguration;
			buildSettings = {
				ALWAYS_SEARCH_USER_PATHS = NO;
				CLANG_ANALYZER_NONNULL = YES;
				CLANG_ANALYZER_NUMBER_OBJECT_CONVERSION = YES_AGGRESSIVE;
				CLANG_CXX_LANGUAGE_STANDARD = "gnu++20";
				CLANG_ENABLE_MODULES = YES;
				CLANG_ENABLE_OBJC_ARC = YES;
				CLANG_ENABLE_OBJC_WEAK = YES;
				CLANG_WARN_BLOCK_CAPTURE_AUTORELEASING = YES;
				CLANG_WARN_BOOL_CONVERSION = YES;
				CLANG_WARN_COMMA = YES;
				CLANG_WARN_CONSTANT_CONVERSION = YES;
				CLANG_WARN_DEPRECATED_OBJC_IMPLEMENTATIONS = YES;
				CLANG_WARN_DIRECT_OBJC_ISA_USAGE = YES_ERROR;
				CLANG_WARN_DOCUMENTATION_COMMENTS = YES;
				CLANG_WARN_EMPTY_BODY = YES;
				CLANG_WARN_ENUM_CONVERSION = YES;
				CLANG_WARN_INFINITE_RECURSION = YES;
				CLANG_WARN_INT_CONVERSION = YES;
				CLANG_WARN_NON_LITERAL_NULL_CONVERSION = YES;
				CLANG_WARN_OBJC_IMPLICIT_RETAIN_SELF = YES;
				CLANG_WARN_OBJC_LITERAL_CONVERSION = YES;
				CLANG_WARN_OBJC_ROOT_CLASS = YES_ERROR;
				CLANG_WARN_QUOTED_INCLUDE_IN_FRAMEWORK_HEADER = YES;
				CLANG_WARN_RANGE_LOOP_ANALYSIS = YES;
				CLANG_WARN_STRICT_PROTOTYPES = YES;
				CLANG_WARN_SUSPICIOUS_MOVE = YES;
				CLANG_WARN_UNGUARDED_AVAILABILITY = YES_AGGRESSIVE;
				CLANG_WARN_UNREACHABLE_CODE = YES;
				CLANG_WARN__DUPLICATE_METHOD_MATCH = YES;
				COPY_PHASE_STRIP = NO;
				DEBUG_INFORMATION_FORMAT = dwarf;
				ENABLE_STRICT_OBJC_MSGSEND = YES;
				ENABLE_TESTABILITY = YES;
				GCC_C_LANGUAGE_STANDARD = gnu11;
				GCC_DYNAMIC_NO_PIC = NO;
				GCC_NO_COMMON_BLOCKS = YES;
				GCC_OPTIMIZATION_LEVEL = 0;
				GCC_PREPROCESSOR_DEFINITIONS = (
					"DEBUG=1",
					"$(inherited)",
				);
				GCC_WARN_64_TO_32_BIT_CONVERSION = YES;
				GCC_WARN_ABOUT_RETURN_TYPE = YES_ERROR;
				GCC_WARN_UNDECLARED_SELECTOR = YES;
				GCC_WARN_UNINITIALIZED_AUTOS = YES_AGGRESSIVE;
				GCC_WARN_UNUSED_FUNCTION = YES;
				GCC_WARN_UNUSED_VARIABLE = YES;
				IPHONEOS_DEPLOYMENT_TARGET = 16.1;
				MTL_ENABLE_DEBUG_INFO = INCLUDE_SOURCE;
				MTL_FAST_MATH = YES;
				ONLY_ACTIVE_ARCH = YES;
				SDKROOT = iphoneos;
				SWIFT_ACTIVE_COMPILATION_CONDITIONS = DEBUG;
				SWIFT_OPTIMIZATION_LEVEL = "-Onone";
			};
			name = Debug;
		};
		BF821E74293E39670045371B /* Release */ = {
			isa = XCBuildConfiguration;
			buildSettings = {
				ALWAYS_SEARCH_USER_PATHS = NO;
				CLANG_ANALYZER_NONNULL = YES;
				CLANG_ANALYZER_NUMBER_OBJECT_CONVERSION = YES_AGGRESSIVE;
				CLANG_CXX_LANGUAGE_STANDARD = "gnu++20";
				CLANG_ENABLE_MODULES = YES;
				CLANG_ENABLE_OBJC_ARC = YES;
				CLANG_ENABLE_OBJC_WEAK = YES;
				CLANG_WARN_BLOCK_CAPTURE_AUTORELEASING = YES;
				CLANG_WARN_BOOL_CONVERSION = YES;
				CLANG_WARN_COMMA = YES;
				CLANG_WARN_CONSTANT_CONVERSION = YES;
				CLANG_WARN_DEPRECATED_OBJC_IMPLEMENTATIONS = YES;
				CLANG_WARN_DIRECT_OBJC_ISA_USAGE = YES_ERROR;
				CLANG_WARN_DOCUMENTATION_COMMENTS = YES;
				CLANG_WARN_EMPTY_BODY = YES;
				CLANG_WARN_ENUM_CONVERSION = YES;
				CLANG_WARN_INFINITE_RECURSION = YES;
				CLANG_WARN_INT_CONVERSION = YES;
				CLANG_WARN_NON_LITERAL_NULL_CONVERSION = YES;
				CLANG_WARN_OBJC_IMPLICIT_RETAIN_SELF = YES;
				CLANG_WARN_OBJC_LITERAL_CONVERSION = YES;
				CLANG_WARN_OBJC_ROOT_CLASS = YES_ERROR;
				CLANG_WARN_QUOTED_INCLUDE_IN_FRAMEWORK_HEADER = YES;
				CLANG_WARN_RANGE_LOOP_ANALYSIS = YES;
				CLANG_WARN_STRICT_PROTOTYPES = YES;
				CLANG_WARN_SUSPICIOUS_MOVE = YES;
				CLANG_WARN_UNGUARDED_AVAILABILITY = YES_AGGRESSIVE;
				CLANG_WARN_UNREACHABLE_CODE = YES;
				CLANG_WARN__DUPLICATE_METHOD_MATCH = YES;
				COPY_PHASE_STRIP = NO;
				DEBUG_INFORMATION_FORMAT = "dwarf-with-dsym";
				ENABLE_NS_ASSERTIONS = NO;
				ENABLE_STRICT_OBJC_MSGSEND = YES;
				GCC_C_LANGUAGE_STANDARD = gnu11;
				GCC_NO_COMMON_BLOCKS = YES;
				GCC_WARN_64_TO_32_BIT_CONVERSION = YES;
				GCC_WARN_ABOUT_RETURN_TYPE = YES_ERROR;
				GCC_WARN_UNDECLARED_SELECTOR = YES;
				GCC_WARN_UNINITIALIZED_AUTOS = YES_AGGRESSIVE;
				GCC_WARN_UNUSED_FUNCTION = YES;
				GCC_WARN_UNUSED_VARIABLE = YES;
				IPHONEOS_DEPLOYMENT_TARGET = 16.1;
				MTL_ENABLE_DEBUG_INFO = NO;
				MTL_FAST_MATH = YES;
				SDKROOT = iphoneos;
				SWIFT_COMPILATION_MODE = wholemodule;
				SWIFT_OPTIMIZATION_LEVEL = "-O";
				VALIDATE_PRODUCT = YES;
			};
			name = Release;
		};
		BF821E76293E39670045371B /* Debug */ = {
			isa = XCBuildConfiguration;
			buildSettings = {
				ASSETCATALOG_COMPILER_APPICON_NAME = AppIcon;
				ASSETCATALOG_COMPILER_GLOBAL_ACCENT_COLOR_NAME = AccentColor;
				CODE_SIGN_STYLE = Automatic;
				CURRENT_PROJECT_VERSION = 1;
				GENERATE_INFOPLIST_FILE = YES;
				INFOPLIST_FILE = "smart-socket/Info.plist";
				INFOPLIST_KEY_UIApplicationSupportsIndirectInputEvents = YES;
				INFOPLIST_KEY_UILaunchStoryboardName = LaunchScreen;
				INFOPLIST_KEY_UIMainStoryboardFile = Main;
				INFOPLIST_KEY_UISupportedInterfaceOrientations_iPad = "UIInterfaceOrientationPortrait UIInterfaceOrientationPortraitUpsideDown UIInterfaceOrientationLandscapeLeft UIInterfaceOrientationLandscapeRight";
				INFOPLIST_KEY_UISupportedInterfaceOrientations_iPhone = "UIInterfaceOrientationPortrait UIInterfaceOrientationLandscapeLeft UIInterfaceOrientationLandscapeRight";
				LD_RUNPATH_SEARCH_PATHS = (
					"$(inherited)",
					"@executable_path/Frameworks",
				);
				MARKETING_VERSION = 1.0;
				PRODUCT_BUNDLE_IDENTIFIER = "com.socket.smart-socket";
				PRODUCT_NAME = "$(TARGET_NAME)";
				SWIFT_EMIT_LOC_STRINGS = YES;
				SWIFT_VERSION = 5.0;
				TARGETED_DEVICE_FAMILY = "1,2";
			};
			name = Debug;
		};
		BF821E77293E39670045371B /* Release */ = {
			isa = XCBuildConfiguration;
			buildSettings = {
				ASSETCATALOG_COMPILER_APPICON_NAME = AppIcon;
				ASSETCATALOG_COMPILER_GLOBAL_ACCENT_COLOR_NAME = AccentColor;
				CODE_SIGN_STYLE = Automatic;
				CURRENT_PROJECT_VERSION = 1;
				GENERATE_INFOPLIST_FILE = YES;
				INFOPLIST_FILE = "smart-socket/Info.plist";
				INFOPLIST_KEY_UIApplicationSupportsIndirectInputEvents = YES;
				INFOPLIST_KEY_UILaunchStoryboardName = LaunchScreen;
				INFOPLIST_KEY_UIMainStoryboardFile = Main;
				INFOPLIST_KEY_UISupportedInterfaceOrientations_iPad = "UIInterfaceOrientationPortrait UIInterfaceOrientationPortraitUpsideDown UIInterfaceOrientationLandscapeLeft UIInterfaceOrientationLandscapeRight";
				INFOPLIST_KEY_UISupportedInterfaceOrientations_iPhone = "UIInterfaceOrientationPortrait UIInterfaceOrientationLandscapeLeft UIInterfaceOrientationLandscapeRight";
				LD_RUNPATH_SEARCH_PATHS = (
					"$(inherited)",
					"@executable_path/Frameworks",
				);
				MARKETING_VERSION = 1.0;
				PRODUCT_BUNDLE_IDENTIFIER = "com.socket.smart-socket";
				PRODUCT_NAME = "$(TARGET_NAME)";
				SWIFT_EMIT_LOC_STRINGS = YES;
				SWIFT_VERSION = 5.0;
				TARGETED_DEVICE_FAMILY = "1,2";
			};
			name = Release;
		};
		BF821E79293E39670045371B /* Debug */ = {
			isa = XCBuildConfiguration;
			buildSettings = {
				ALWAYS_EMBED_SWIFT_STANDARD_LIBRARIES = YES;
				BUNDLE_LOADER = "$(TEST_HOST)";
				CODE_SIGN_STYLE = Automatic;
				CURRENT_PROJECT_VERSION = 1;
				GENERATE_INFOPLIST_FILE = YES;
				IPHONEOS_DEPLOYMENT_TARGET = 16.1;
				MARKETING_VERSION = 1.0;
				PRODUCT_BUNDLE_IDENTIFIER = "com.socket.smart-socketTests";
				PRODUCT_NAME = "$(TARGET_NAME)";
				SWIFT_EMIT_LOC_STRINGS = NO;
				SWIFT_VERSION = 5.0;
				TARGETED_DEVICE_FAMILY = "1,2";
				TEST_HOST = "$(BUILT_PRODUCTS_DIR)/smart-socket.app/$(BUNDLE_EXECUTABLE_FOLDER_PATH)/smart-socket";
			};
			name = Debug;
		};
		BF821E7A293E39670045371B /* Release */ = {
			isa = XCBuildConfiguration;
			buildSettings = {
				ALWAYS_EMBED_SWIFT_STANDARD_LIBRARIES = YES;
				BUNDLE_LOADER = "$(TEST_HOST)";
				CODE_SIGN_STYLE = Automatic;
				CURRENT_PROJECT_VERSION = 1;
				GENERATE_INFOPLIST_FILE = YES;
				IPHONEOS_DEPLOYMENT_TARGET = 16.1;
				MARKETING_VERSION = 1.0;
				PRODUCT_BUNDLE_IDENTIFIER = "com.socket.smart-socketTests";
				PRODUCT_NAME = "$(TARGET_NAME)";
				SWIFT_EMIT_LOC_STRINGS = NO;
				SWIFT_VERSION = 5.0;
				TARGETED_DEVICE_FAMILY = "1,2";
				TEST_HOST = "$(BUILT_PRODUCTS_DIR)/smart-socket.app/$(BUNDLE_EXECUTABLE_FOLDER_PATH)/smart-socket";
			};
			name = Release;
		};
		BF821E7C293E39670045371B /* Debug */ = {
			isa = XCBuildConfiguration;
			buildSettings = {
				ALWAYS_EMBED_SWIFT_STANDARD_LIBRARIES = YES;
				CODE_SIGN_STYLE = Automatic;
				CURRENT_PROJECT_VERSION = 1;
				GENERATE_INFOPLIST_FILE = YES;
				MARKETING_VERSION = 1.0;
				PRODUCT_BUNDLE_IDENTIFIER = "com.socket.smart-socketUITests";
				PRODUCT_NAME = "$(TARGET_NAME)";
				SWIFT_EMIT_LOC_STRINGS = NO;
				SWIFT_VERSION = 5.0;
				TARGETED_DEVICE_FAMILY = "1,2";
				TEST_TARGET_NAME = "smart-socket";
			};
			name = Debug;
		};
		BF821E7D293E39670045371B /* Release */ = {
			isa = XCBuildConfiguration;
			buildSettings = {
				ALWAYS_EMBED_SWIFT_STANDARD_LIBRARIES = YES;
				CODE_SIGN_STYLE = Automatic;
				CURRENT_PROJECT_VERSION = 1;
				GENERATE_INFOPLIST_FILE = YES;
				MARKETING_VERSION = 1.0;
				PRODUCT_BUNDLE_IDENTIFIER = "com.socket.smart-socketUITests";
				PRODUCT_NAME = "$(TARGET_NAME)";
				SWIFT_EMIT_LOC_STRINGS = NO;
				SWIFT_VERSION = 5.0;
				TARGETED_DEVICE_FAMILY = "1,2";
				TEST_TARGET_NAME = "smart-socket";
			};
			name = Release;
		};
/* End XCBuildConfiguration section */

/* Begin XCConfigurationList section */
		BF821E46293E39650045371B /* Build configuration list for PBXProject "smart-socket" */ = {
			isa = XCConfigurationList;
			buildConfigurations = (
				BF821E73293E39670045371B /* Debug */,
				BF821E74293E39670045371B /* Release */,
			);
			defaultConfigurationIsVisible = 0;
			defaultConfigurationName = Release;
		};
		BF821E75293E39670045371B /* Build configuration list for PBXNativeTarget "smart-socket" */ = {
			isa = XCConfigurationList;
			buildConfigurations = (
				BF821E76293E39670045371B /* Debug */,
				BF821E77293E39670045371B /* Release */,
			);
			defaultConfigurationIsVisible = 0;
			defaultConfigurationName = Release;
		};
		BF821E78293E39670045371B /* Build configuration list for PBXNativeTarget "smart-socketTests" */ = {
			isa = XCConfigurationList;
			buildConfigurations = (
				BF821E79293E39670045371B /* Debug */,
				BF821E7A293E39670045371B /* Release */,
			);
			defaultConfigurationIsVisible = 0;
			defaultConfigurationName = Release;
		};
		BF821E7B293E39670045371B /* Build configuration list for PBXNativeTarget "smart-socketUITests" */ = {
			isa = XCConfigurationList;
			buildConfigurations = (
				BF821E7C293E39670045371B /* Debug */,
				BF821E7D293E39670045371B /* Release */,
			);
			defaultConfigurationIsVisible = 0;
			defaultConfigurationName = Release;
		};
/* End XCConfigurationList section */
	};
	rootObject = BF821E43293E39650045371B /* Project object */;
}
